// !$*UTF8*$!
{
	archiveVersion = 1;
	classes = {
	};
	objectVersion = 77;
	objects = {

/* Begin PBXBuildFile section */
		11AA332845BEE0440EDE0950 /* IrohBridge.swift in Sources */ = {isa = PBXBuildFile; fileRef = 265AFE8FC5E9C88D50343704 /* IrohBridge.swift */; };
		20452BDB58444C6E6A26F156 /* ShopInfo.swift in Sources */ = {isa = PBXBuildFile; fileRef = 270793FCF7A2D73A37A7B4F5 /* ShopInfo.swift */; };
		273ACB405364120DF16041F6 /* shared.xcframework in Embed Frameworks */ = {isa = PBXBuildFile; fileRef = DF308CD9B1DBE3436298E93A /* shared.xcframework */; settings = {ATTRIBUTES = (CodeSignOnCopy, RemoveHeadersOnCopy, ); }; };
		689302E0FA906A816CD977A9 /* BarcodeScannerApp.swift in Sources */ = {isa = PBXBuildFile; fileRef = D5052AD221827EFB152ACB44 /* BarcodeScannerApp.swift */; };
		819D2FCFF7879A3852C7B4F3 /* BarcodeScanner.xcframework in Frameworks */ = {isa = PBXBuildFile; fileRef = 1199C41837780D8098CCF89E /* BarcodeScanner.xcframework */; };
		A6617A070268DEF92918C7A1 /* ContentView.swift in Sources */ = {isa = PBXBuildFile; fileRef = CCB5751CAAF7BBC4743AB356 /* ContentView.swift */; };
		C32E6FF72C8F922B01F83202 /* shared.xcframework in Frameworks */ = {isa = PBXBuildFile; fileRef = DF308CD9B1DBE3436298E93A /* shared.xcframework */; };
		D613B49DD529E6D084185AF5 /* BarcodeScannerView.swift in Sources */ = {isa = PBXBuildFile; fileRef = 181C5CADDC3A31302C752820 /* BarcodeScannerView.swift */; };
/* End PBXBuildFile section */

/* Begin PBXCopyFilesBuildPhase section */
		94608A27DDB6FFA1CF523896 /* Embed Frameworks */ = {
			isa = PBXCopyFilesBuildPhase;
			buildActionMask = 2147483647;
			dstPath = "";
			dstSubfolderSpec = 10;
			files = (
				273ACB405364120DF16041F6 /* shared.xcframework in Embed Frameworks */,
			);
			name = "Embed Frameworks";
			runOnlyForDeploymentPostprocessing = 0;
		};
/* End PBXCopyFilesBuildPhase section */

/* Begin PBXFileReference section */
		1199C41837780D8098CCF89E /* BarcodeScanner.xcframework */ = {isa = PBXFileReference; lastKnownFileType = wrapper.xcframework; name = BarcodeScanner.xcframework; path = ../dist/BarcodeScanner.xcframework; sourceTree = "<group>"; };
		181C5CADDC3A31302C752820 /* BarcodeScannerView.swift */ = {isa = PBXFileReference; lastKnownFileType = sourcecode.swift; path = BarcodeScannerView.swift; sourceTree = "<group>"; };
		265AFE8FC5E9C88D50343704 /* IrohBridge.swift */ = {isa = PBXFileReference; lastKnownFileType = sourcecode.swift; path = IrohBridge.swift; sourceTree = "<group>"; };
		270793FCF7A2D73A37A7B4F5 /* ShopInfo.swift */ = {isa = PBXFileReference; lastKnownFileType = sourcecode.swift; path = ShopInfo.swift; sourceTree = "<group>"; };
		CCB5751CAAF7BBC4743AB356 /* ContentView.swift */ = {isa = PBXFileReference; lastKnownFileType = sourcecode.swift; path = ContentView.swift; sourceTree = "<group>"; };
		D5052AD221827EFB152ACB44 /* BarcodeScannerApp.swift */ = {isa = PBXFileReference; lastKnownFileType = sourcecode.swift; path = BarcodeScannerApp.swift; sourceTree = "<group>"; };
		DF308CD9B1DBE3436298E93A /* shared.xcframework */ = {isa = PBXFileReference; lastKnownFileType = wrapper.xcframework; name = shared.xcframework; path = ../dist/shared.xcframework; sourceTree = "<group>"; };
		E93F2D1833E24DD900F572B3 /* BarcodeScanner.app */ = {isa = PBXFileReference; explicitFileType = wrapper.application; includeInIndex = 0; path = BarcodeScanner.app; sourceTree = BUILT_PRODUCTS_DIR; };
/* End PBXFileReference section */

/* Begin PBXFrameworksBuildPhase section */
		E71EC89DFE23361CAC31D39E /* Frameworks */ = {
			isa = PBXFrameworksBuildPhase;
			buildActionMask = 2147483647;
			files = (
				819D2FCFF7879A3852C7B4F3 /* BarcodeScanner.xcframework in Frameworks */,
				C32E6FF72C8F922B01F83202 /* shared.xcframework in Frameworks */,
			);
			runOnlyForDeploymentPostprocessing = 0;
		};
/* End PBXFrameworksBuildPhase section */

/* Begin PBXGroup section */
		1A1AF1115506E1CE5480799C = {
			isa = PBXGroup;
			children = (
				DAC74E2C810F61EE03F20FF8 /* BarcodeScanner */,
				BF8A02AB2681794C2EDA73D1 /* Frameworks */,
				C803AA0A071EA13FEFEBE67E /* Products */,
			);
			sourceTree = "<group>";
		};
		BF8A02AB2681794C2EDA73D1 /* Frameworks */ = {
			isa = PBXGroup;
			children = (
				1199C41837780D8098CCF89E /* BarcodeScanner.xcframework */,
				DF308CD9B1DBE3436298E93A /* shared.xcframework */,
			);
			name = Frameworks;
			sourceTree = "<group>";
		};
		C803AA0A071EA13FEFEBE67E /* Products */ = {
			isa = PBXGroup;
			children = (
				E93F2D1833E24DD900F572B3 /* BarcodeScanner.app */,
			);
			name = Products;
			sourceTree = "<group>";
		};
		DAC74E2C810F61EE03F20FF8 /* BarcodeScanner */ = {
			isa = PBXGroup;
			children = (
				D5052AD221827EFB152ACB44 /* BarcodeScannerApp.swift */,
				181C5CADDC3A31302C752820 /* BarcodeScannerView.swift */,
				CCB5751CAAF7BBC4743AB356 /* ContentView.swift */,
				265AFE8FC5E9C88D50343704 /* IrohBridge.swift */,
				270793FCF7A2D73A37A7B4F5 /* ShopInfo.swift */,
			);
			path = BarcodeScanner;
			sourceTree = "<group>";
		};
/* End PBXGroup section */

/* Begin PBXNativeTarget section */
		7381E74F0B5217F0DD6E150D /* BarcodeScanner */ = {
			isa = PBXNativeTarget;
			buildConfigurationList = 7B1FF1A99FFC996FFD9C0AA0 /* Build configuration list for PBXNativeTarget "BarcodeScanner" */;
			buildPhases = (
				E414C3B474A453B9044FBD3F /* Sources */,
				E71EC89DFE23361CAC31D39E /* Frameworks */,
				94608A27DDB6FFA1CF523896 /* Embed Frameworks */,
			);
			buildRules = (
			);
			dependencies = (
			);
			name = BarcodeScanner;
			packageProductDependencies = (
			);
			productName = BarcodeScanner;
			productReference = E93F2D1833E24DD900F572B3 /* BarcodeScanner.app */;
			productType = "com.apple.product-type.application";
		};
/* End PBXNativeTarget section */

/* Begin PBXProject section */
		B4CE9D2EB5B20AD5606A253D /* Project object */ = {
			isa = PBXProject;
			attributes = {
				BuildIndependentTargetsInParallel = YES;
				LastUpgradeCheck = 1600;
				TargetAttributes = {
					7381E74F0B5217F0DD6E150D = {
						ProvisioningStyle = Automatic;
					};
				};
			};
			buildConfigurationList = 31B7C77E60097D1FC829DFFC /* Build configuration list for PBXProject "BarcodeScanner" */;
			developmentRegion = en;
			hasScannedForEncodings = 0;
			knownRegions = (
				Base,
				en,
			);
			mainGroup = 1A1AF1115506E1CE5480799C;
			minimizedProjectReferenceProxies = 1;
			preferredProjectObjectVersion = 77;
			productRefGroup = C803AA0A071EA13FEFEBE67E /* Products */;
			projectDirPath = "";
			projectRoot = "";
			targets = (
				7381E74F0B5217F0DD6E150D /* BarcodeScanner */,
			);
		};
/* End PBXProject section */

/* Begin PBXSourcesBuildPhase section */
		E414C3B474A453B9044FBD3F /* Sources */ = {
			isa = PBXSourcesBuildPhase;
			buildActionMask = 2147483647;
			files = (
				689302E0FA906A816CD977A9 /* BarcodeScannerApp.swift in Sources */,
				D613B49DD529E6D084185AF5 /* BarcodeScannerView.swift in Sources */,
				A6617A070268DEF92918C7A1 /* ContentView.swift in Sources */,
				11AA332845BEE0440EDE0950 /* IrohBridge.swift in Sources */,
				20452BDB58444C6E6A26F156 /* ShopInfo.swift in Sources */,
			);
			runOnlyForDeploymentPostprocessing = 0;
		};
/* End PBXSourcesBuildPhase section */

/* Begin XCBuildConfiguration section */
		00001269DE1051D470EBCF20 /* Debug */ = {
			isa = XCBuildConfiguration;
			buildSettings = {
				ALWAYS_SEARCH_USER_PATHS = NO;
				CLANG_ANALYZER_NONNULL = YES;
				CLANG_ANALYZER_NUMBER_OBJECT_CONVERSION = YES_AGGRESSIVE;
				CLANG_CXX_LANGUAGE_STANDARD = "gnu++14";
				CLANG_CXX_LIBRARY = "libc++";
				CLANG_ENABLE_MODULES = YES;
				CLANG_ENABLE_OBJC_ARC = YES;
				CLANG_ENABLE_OBJC_WEAK = YES;
				CLANG_WARN_BLOCK_CAPTURE_AUTORELEASING = YES;
				CLANG_WARN_BOOL_CONVERSION = YES;
				CLANG_WARN_COMMA = YES;
				CLANG_WARN_CONSTANT_CONVERSION = YES;
				CLANG_WARN_DEPRECATED_OBJC_IMPLEMENTATIONS = YES;
				CLANG_WARN_DIRECT_OBJC_ISA_USAGE = YES_ERROR;
				CLANG_WARN_DOCUMENTATION_COMMENTS = YES;
				CLANG_WARN_EMPTY_BODY = YES;
				CLANG_WARN_ENUM_CONVERSION = YES;
				CLANG_WARN_INFINITE_RECURSION = YES;
				CLANG_WARN_INT_CONVERSION = YES;
				CLANG_WARN_NON_LITERAL_NULL_CONVERSION = YES;
				CLANG_WARN_OBJC_IMPLICIT_RETAIN_SELF = YES;
				CLANG_WARN_OBJC_LITERAL_CONVERSION = YES;
				CLANG_WARN_OBJC_ROOT_CLASS = YES_ERROR;
				CLANG_WARN_QUOTED_INCLUDE_IN_FRAMEWORK_HEADER = YES;
				CLANG_WARN_RANGE_LOOP_ANALYSIS = YES;
				CLANG_WARN_STRICT_PROTOTYPES = YES;
				CLANG_WARN_SUSPICIOUS_MOVE = YES;
				CLANG_WARN_UNGUARDED_AVAILABILITY = YES_AGGRESSIVE;
				CLANG_WARN_UNREACHABLE_CODE = YES;
				CLANG_WARN__DUPLICATE_METHOD_MATCH = YES;
				CODE_SIGN_STYLE = Automatic;
				COPY_PHASE_STRIP = NO;
				CURRENT_PROJECT_VERSION = 1;
				DEBUG_INFORMATION_FORMAT = dwarf;
				DEVELOPMENT_TEAM = "";
				ENABLE_STRICT_OBJC_MSGSEND = YES;
				ENABLE_TESTABILITY = YES;
				GCC_C_LANGUAGE_STANDARD = gnu11;
				GCC_DYNAMIC_NO_PIC = NO;
				GCC_NO_COMMON_BLOCKS = YES;
				GCC_OPTIMIZATION_LEVEL = 0;
				GCC_PREPROCESSOR_DEFINITIONS = (
					"$(inherited)",
					"DEBUG=1",
				);
				GCC_WARN_64_TO_32_BIT_CONVERSION = YES;
				GCC_WARN_ABOUT_RETURN_TYPE = YES_ERROR;
				GCC_WARN_UNDECLARED_SELECTOR = YES;
				GCC_WARN_UNINITIALIZED_AUTOS = YES_AGGRESSIVE;
				GCC_WARN_UNUSED_FUNCTION = YES;
				GCC_WARN_UNUSED_VARIABLE = YES;
				IPHONEOS_DEPLOYMENT_TARGET = 16.0;
				MARKETING_VERSION = 0.1.0;
				MTL_ENABLE_DEBUG_INFO = INCLUDE_SOURCE;
				MTL_FAST_MATH = YES;
				ONLY_ACTIVE_ARCH = YES;
				PRODUCT_NAME = "$(TARGET_NAME)";
				SDKROOT = iphoneos;
				SWIFT_ACTIVE_COMPILATION_CONDITIONS = DEBUG;
				SWIFT_OPTIMIZATION_LEVEL = "-Onone";
				SWIFT_VERSION = 5.10;
			};
			name = Debug;
		};
		5D9A524F399A0F13836EF040 /* Release */ = {
			isa = XCBuildConfiguration;
			buildSettings = {
				ASSETCATALOG_COMPILER_APPICON_NAME = AppIcon;
				CODE_SIGN_ENTITLEMENTS = BarcodeScanner/BarcodeScanner.entitlements;
				CODE_SIGN_IDENTITY = "iPhone Developer";
				DEVELOPMENT_TEAM = 9PC2H3YDRC;
				FRAMEWORK_SEARCH_PATHS = (
					"$(SRCROOT)/../dist",
					"$(inherited)",
					"\"../dist\"",
				);
				INFOPLIST_FILE = BarcodeScanner/Info.plist;
				LD_RUNPATH_SEARCH_PATHS = (
					"$(inherited)",
					"@executable_path/Frameworks",
				);
				PRODUCT_BUNDLE_IDENTIFIER = com.kyosk.barcodescanner;
				SDKROOT = iphoneos;
				SWIFT_OBJC_BRIDGING_HEADER = "BarcodeScanner/BarcodeScanner-Bridging-Header.h";
				TARGETED_DEVICE_FAMILY = "1,2";
			};
			name = Release;
		};
		7A22A05F24FDE4AB8C238B25 /* Debug */ = {
			isa = XCBuildConfiguration;
			buildSettings = {
				ASSETCATALOG_COMPILER_APPICON_NAME = AppIcon;
				CODE_SIGN_ENTITLEMENTS = BarcodeScanner/BarcodeScanner.entitlements;
				CODE_SIGN_IDENTITY = "iPhone Developer";
				DEVELOPMENT_TEAM = 9PC2H3YDRC;
				FRAMEWORK_SEARCH_PATHS = (
					"$(SRCROOT)/../dist",
					"$(inherited)",
					"\"../dist\"",
				);
				INFOPLIST_FILE = BarcodeScanner/Info.plist;
				LD_RUNPATH_SEARCH_PATHS = (
					"$(inherited)",
					"@executable_path/Frameworks",
				);
				PRODUCT_BUNDLE_IDENTIFIER = com.kyosk.barcodescanner;
				SDKROOT = iphoneos;
				SWIFT_OBJC_BRIDGING_HEADER = "BarcodeScanner/BarcodeScanner-Bridging-Header.h";
				TARGETED_DEVICE_FAMILY = "1,2";
			};
			name = Debug;
		};
		E4771FEDB4BA0249A034584C /* Release */ = {
			isa = XCBuildConfiguration;
			buildSettings = {
				ALWAYS_SEARCH_USER_PATHS = NO;
				CLANG_ANALYZER_NONNULL = YES;
				CLANG_ANALYZER_NUMBER_OBJECT_CONVERSION = YES_AGGRESSIVE;
				CLANG_CXX_LANGUAGE_STANDARD = "gnu++14";
				CLANG_CXX_LIBRARY = "libc++";
				CLANG_ENABLE_MODULES = YES;
				CLANG_ENABLE_OBJC_ARC = YES;
				CLANG_ENABLE_OBJC_WEAK = YES;
				CLANG_WARN_BLOCK_CAPTURE_AUTORELEASING = YES;
				CLANG_WARN_BOOL_CONVERSION = YES;
				CLANG_WARN_COMMA = YES;
				CLANG_WARN_CONSTANT_CONVERSION = YES;
				CLANG_WARN_DEPRECATED_OBJC_IMPLEMENTATIONS = YES;
				CLANG_WARN_DIRECT_OBJC_ISA_USAGE = YES_ERROR;
				CLANG_WARN_DOCUMENTATION_COMMENTS = YES;
				CLANG_WARN_EMPTY_BODY = YES;
				CLANG_WARN_ENUM_CONVERSION = YES;
				CLANG_WARN_INFINITE_RECURSION = YES;
				CLANG_WARN_INT_CONVERSION = YES;
				CLANG_WARN_NON_LITERAL_NULL_CONVERSION = YES;
				CLANG_WARN_OBJC_IMPLICIT_RETAIN_SELF = YES;
				CLANG_WARN_OBJC_LITERAL_CONVERSION = YES;
				CLANG_WARN_OBJC_ROOT_CLASS = YES_ERROR;
				CLANG_WARN_QUOTED_INCLUDE_IN_FRAMEWORK_HEADER = YES;
				CLANG_WARN_RANGE_LOOP_ANALYSIS = YES;
				CLANG_WARN_STRICT_PROTOTYPES = YES;
				CLANG_WARN_SUSPICIOUS_MOVE = YES;
				CLANG_WARN_UNGUARDED_AVAILABILITY = YES_AGGRESSIVE;
				CLANG_WARN_UNREACHABLE_CODE = YES;
				CLANG_WARN__DUPLICATE_METHOD_MATCH = YES;
				CODE_SIGN_STYLE = Automatic;
				COPY_PHASE_STRIP = NO;
				CURRENT_PROJECT_VERSION = 1;
				DEBUG_INFORMATION_FORMAT = "dwarf-with-dsym";
				DEVELOPMENT_TEAM = "";
				ENABLE_NS_ASSERTIONS = NO;
				ENABLE_STRICT_OBJC_MSGSEND = YES;
				GCC_C_LANGUAGE_STANDARD = gnu11;
				GCC_NO_COMMON_BLOCKS = YES;
				GCC_WARN_64_TO_32_BIT_CONVERSION = YES;
				GCC_WARN_ABOUT_RETURN_TYPE = YES_ERROR;
				GCC_WARN_UNDECLARED_SELECTOR = YES;
				GCC_WARN_UNINITIALIZED_AUTOS = YES_AGGRESSIVE;
				GCC_WARN_UNUSED_FUNCTION = YES;
				GCC_WARN_UNUSED_VARIABLE = YES;
				IPHONEOS_DEPLOYMENT_TARGET = 16.0;
				MARKETING_VERSION = 0.1.0;
				MTL_ENABLE_DEBUG_INFO = NO;
				MTL_FAST_MATH = YES;
				PRODUCT_NAME = "$(TARGET_NAME)";
				SDKROOT = iphoneos;
				SWIFT_COMPILATION_MODE = wholemodule;
				SWIFT_OPTIMIZATION_LEVEL = "-O";
				SWIFT_VERSION = 5.10;
			};
			name = Release;
		};
/* End XCBuildConfiguration section */

/* Begin XCConfigurationList section */
		31B7C77E60097D1FC829DFFC /* Build configuration list for PBXProject "BarcodeScanner" */ = {
			isa = XCConfigurationList;
			buildConfigurations = (
				00001269DE1051D470EBCF20 /* Debug */,
				E4771FEDB4BA0249A034584C /* Release */,
			);
			defaultConfigurationIsVisible = 0;
			defaultConfigurationName = Debug;
		};
		7B1FF1A99FFC996FFD9C0AA0 /* Build configuration list for PBXNativeTarget "BarcodeScanner" */ = {
			isa = XCConfigurationList;
			buildConfigurations = (
				7A22A05F24FDE4AB8C238B25 /* Debug */,
				5D9A524F399A0F13836EF040 /* Release */,
			);
			defaultConfigurationIsVisible = 0;
			defaultConfigurationName = Debug;
		};
/* End XCConfigurationList section */
	};
	rootObject = B4CE9D2EB5B20AD5606A253D /* Project object */;
}
